<?xml version="1.0" encoding="utf-8"?>
<Project ToolsVersion="4.0" xmlns="http://schemas.microsoft.com/developer/msbuild/2003">
  <ItemGroup>
    <Filter Include="Header Files">
      <UniqueIdentifier>{93995380-89BD-4b04-88EB-625FBE52EBFB}</UniqueIdentifier>
      <Extensions>h;hh;hpp;hxx;hm;inl;inc;xsd</Extensions>
    </Filter>
    <Filter Include="Resource Files">
      <UniqueIdentifier>{D9D6E242-F8AF-46E4-B9FD-80ECBC20BA3E}</UniqueIdentifier>
      <Extensions>qrc;*</Extensions>
      <ParseFiles>false</ParseFiles>
    </Filter>
    <Filter Include="Form Files">
      <UniqueIdentifier>{99349809-55BA-4b9d-BF79-8FDBB0286EB3}</UniqueIdentifier>
      <Extensions>ui</Extensions>
    </Filter>
    <Filter Include="Resource Files">
      <UniqueIdentifier>{D9D6E242-F8AF-46E4-B9FD-80ECBC20BA3E}</UniqueIdentifier>
      <Extensions>qrc;*</Extensions>
      <ParseFiles>false</ParseFiles>
    </Filter>
    <Filter Include="Generated Files">
      <UniqueIdentifier>{71ED8ED8-ACB9-4CE9-BBE1-E00B30144E11}</UniqueIdentifier>
      <Extensions>moc;h;cpp</Extensions>
      <SourceControlFiles>False</SourceControlFiles>
    </Filter>
  </ItemGroup>
  <ItemGroup>
    <QtUic Include="QtGuiApplication1.ui">
      <Filter>Form Files</Filter>
    </QtUic>
    <QtUic Include="GcodeDialog.ui">
      <Filter>Form Files</Filter>
    </QtUic>
    <QtUic Include="GrowthLineLayerDialog.ui">
      <Filter>Form Files</Filter>
    </QtUic>
    <QtUic Include="GrowthLineVariousLayerDialog.ui">
      <Filter>Form Files</Filter>
    </QtUic>
    <QtUic Include="OutlineDialog.ui">
      <Filter>Form Files</Filter>
    </QtUic>
    <QtUic Include="RobotDialog.ui">
      <Filter>Form Files</Filter>
    </QtUic>
    <QtUic Include="test2.ui">
      <Filter>Form Files</Filter>
    </QtUic>
    <QtUic Include="testnew.ui">
      <Filter>Form Files</Filter>
    </QtUic>
    <QtUic Include="ToolLayerDialog.ui">
      <Filter>Form Files</Filter>
    </QtUic>
    <QtUic Include="VoxelizatiponDialog.ui">
      <Filter>Form Files</Filter>
    </QtUic>
    <QtUic Include="ZigzagDialog.ui">
      <Filter>Form Files</Filter>
    </QtUic>
  </ItemGroup>
  <ItemGroup>
    <None Include="GangjieDian2.stl" />
    <None Include="lingXing30-100-80.stl" />
    <None Include="solid7.stl" />
    <None Include="solid10.stl" />
    <None Include="solid-20.stl" />
    <None Include="YePian.stl" />
    <None Include="yepian-h80w30.stl" />
    <None Include="YePianZB.stl" />
    <None Include="yuanzhud100-h100.stl" />
    <None Include="zhiGuan.stl" />
  </ItemGroup>
  <ItemGroup>
    <ClInclude Include="3dPoint.h">
      <Filter>Header Files</Filter>
    </ClInclude>
    <ClInclude Include="3DRepresentation.h">
      <Filter>Header Files</Filter>
    </ClInclude>
    <ClInclude Include="CurvedLayer.h">
      <Filter>Header Files</Filter>
    </ClInclude>
    <ClInclude Include="CZArray.h">
      <Filter>Header Files</Filter>
    </ClInclude>
    <ClInclude Include="QVTK_Define.h">
      <Filter>Header Files</Filter>
    </ClInclude>
    <ClInclude Include="SolidDef.h">
      <Filter>Header Files</Filter>
    </ClInclude>
    <ClInclude Include="stdafx.h">
      <Filter>Header Files</Filter>
    </ClInclude>
    <ClInclude Include="targetver.h">
      <Filter>Header Files</Filter>
    </ClInclude>
    <ClInclude Include="TEACDef.h">
      <Filter>Header Files</Filter>
    </ClInclude>
    <ClInclude Include="WeldingTorch.h">
      <Filter>Header Files</Filter>
    </ClInclude>
  </ItemGroup>
  <ItemGroup>
    <QtMoc Include="GcodeDialog.h">
      <Filter>Header Files</Filter>
    </QtMoc>
    <QtMoc Include="GrowthLineLayerDialog.h">
      <Filter>Header Files</Filter>
    </QtMoc>
    <QtMoc Include="GrowthLineVariousLayerDialog.h">
      <Filter>Header Files</Filter>
    </QtMoc>
    <QtMoc Include="OutlineDialog.h">
      <Filter>Header Files</Filter>
    </QtMoc>
    <QtMoc Include="RobotDialog.h">
      <Filter>Header Files</Filter>
    </QtMoc>
    <QtMoc Include="test2.h">
      <Filter>Header Files</Filter>
    </QtMoc>
    <QtMoc Include="testnew.h">
      <Filter>Header Files</Filter>
    </QtMoc>
    <QtMoc Include="ToolLayerDialog.h">
      <Filter>Header Files</Filter>
    </QtMoc>
    <QtMoc Include="VoxelizatiponDialog.h">
      <Filter>Header Files</Filter>
    </QtMoc>
    <QtMoc Include="ZigzagDialog.h">
      <Filter>Header Files</Filter>
    </QtMoc>
    <QtMoc Include="QtGuiApplication1.h">
      <Filter>Header Files</Filter>
    </QtMoc>
  </ItemGroup>
  <ItemGroup>
    <QtRcc Include="testnew.qrc">
      <Filter>Resource Files</Filter>
    </QtRcc>
  </ItemGroup>
  <ItemGroup>
    <ClCompile Include="3DRepresentation.cpp">
      <Filter>Generated Files</Filter>
    </ClCompile>
    <ClCompile Include="CurvedLayer.cpp">
      <Filter>Generated Files</Filter>
    </ClCompile>
    <ClCompile Include="GcodeDialog.cpp">
      <Filter>Generated Files</Filter>
    </ClCompile>
    <ClCompile Include="GrowthLineLayerDialog.cpp">
      <Filter>Generated Files</Filter>
    </ClCompile>
    <ClCompile Include="GrowthLineVariousLayerDialog.cpp">
      <Filter>Generated Files</Filter>
    </ClCompile>
    <ClCompile Include="main.cpp">
      <Filter>Generated Files</Filter>
    </ClCompile>
    <ClCompile Include="OutlineDialog.cpp">
      <Filter>Generated Files</Filter>
    </ClCompile>
    <ClCompile Include="RobotDialog.cpp">
      <Filter>Generated Files</Filter>
    </ClCompile>
    <ClCompile Include="test2.cpp">
      <Filter>Generated Files</Filter>
    </ClCompile>
    <ClCompile Include="testnew.cpp">
      <Filter>Generated Files</Filter>
    </ClCompile>
    <ClCompile Include="ToolLayerDialog.cpp">
      <Filter>Generated Files</Filter>
    </ClCompile>
    <ClCompile Include="VoxelizatiponDialog.cpp">
      <Filter>Generated Files</Filter>
    </ClCompile>
    <ClCompile Include="ZigzagDialog.cpp">
      <Filter>Generated Files</Filter>
    </ClCompile>
    <ClCompile Include="ZLineScan.cpp">
      <Filter>Generated Files</Filter>
    </ClCompile>
    <ClCompile Include="QtGuiApplication1.cpp">
      <Filter>Generated Files</Filter>
    </ClCompile>
    <ClCompile Include="WeldingTorch.cpp">
      <Filter>Generated Files</Filter>
    </ClCompile>
  </ItemGroup>
  <ItemGroup>
    <Text Include="Path.txt" />
    <Text Include="p.txt">
      <Filter>Resource Files</Filter>
    </Text>
  </ItemGroup>
</Project>